
Microsoft Visual Studio Solution File, Format Version 12.00
# Visual Studio Version 17
VisualStudioVersion = 17.8.34316.72
MinimumVisualStudioVersion = 10.0.40219.1
Project("{9A19103F-16F7-4668-BE54-9A1E7A4F7556}") = "Blazor2Angular.BlazorClient", "Blazor2Angular.BlazorClient\Blazor2Angular.BlazorClient.csproj", "{BDF2D8BB-4380-4710-BBE4-47BEC6693FC4}"
EndProject
Project("{FAE04EC0-301F-11D3-BF4B-00C04F79EFBC}") = "Blazor2Angular.AngularApp.Server", "..\Blazor2Angular.AngularApp\Blazor2Angular.AngularApp.Server\Blazor2Angular.AngularApp.Server.csproj", "{D826FB6E-23F6-4A19-A199-BEABE2F722E7}"
EndProject
Project("{54A90642-561A-4BB1-A94E-469ADEE60C69}") = "blazor2angular.angularapp.client", "..\Blazor2Angular.AngularApp\blazor2angular.angularapp.client\blazor2angular.angularapp.client.esproj", "{624D0AA5-C28E-434E-BB7E-188F91744BEE}"
EndProject
Global
	GlobalSection(SolutionConfigurationPlatforms) = preSolution
		Debug|Any CPU = Debug|Any CPU
		Release|Any CPU = Release|Any CPU
	EndGlobalSection
	GlobalSection(ProjectConfigurationPlatforms) = postSolution
		{BDF2D8BB-4380-4710-BBE4-47BEC6693FC4}.Debug|Any CPU.ActiveCfg = Debug|Any CPU
		{BDF2D8BB-4380-4710-BBE4-47BEC6693FC4}.Debug|Any CPU.Build.0 = Debug|Any CPU
		{BDF2D8BB-4380-4710-BBE4-47BEC6693FC4}.Release|Any CPU.ActiveCfg = Release|Any CPU
		{BDF2D8BB-4380-4710-BBE4-47BEC6693FC4}.Release|Any CPU.Build.0 = Release|Any CPU
		{D826FB6E-23F6-4A19-A199-BEABE2F722E7}.Debug|Any CPU.ActiveCfg = Debug|Any CPU
		{D826FB6E-23F6-4A19-A199-BEABE2F722E7}.Debug|Any CPU.Build.0 = Debug|Any CPU
		{D826FB6E-23F6-4A19-A199-BEABE2F722E7}.Release|Any CPU.ActiveCfg = Release|Any CPU
		{D826FB6E-23F6-4A19-A199-BEABE2F722E7}.Release|Any CPU.Build.0 = Release|Any CPU
		{624D0AA5-C28E-434E-BB7E-188F91744BEE}.Debug|Any CPU.ActiveCfg = Debug|Any CPU
		{624D0AA5-C28E-434E-BB7E-188F91744BEE}.Debug|Any CPU.Build.0 = Debug|Any CPU
		{624D0AA5-C28E-434E-BB7E-188F91744BEE}.Debug|Any CPU.Deploy.0 = Debug|Any CPU
		{624D0AA5-C28E-434E-BB7E-188F91744BEE}.Release|Any CPU.ActiveCfg = Release|Any CPU
		{624D0AA5-C28E-434E-BB7E-188F91744BEE}.Release|Any CPU.Build.0 = Release|Any CPU
		{624D0AA5-C28E-434E-BB7E-188F91744BEE}.Release|Any CPU.Deploy.0 = Release|Any CPU
	EndGlobalSection
	GlobalSection(SolutionProperties) = preSolution
		HideSolutionNode = FALSE
	EndGlobalSection
	GlobalSection(ExtensibilityGlobals) = postSolution
		SolutionGuid = {E43DD9B2-74EE-4181-8A71-0FE607C1F9FD}
	EndGlobalSection
EndGlobal
